{
  "name": "@rohmer/node-red-ankersolix",
  "version": "1.0.2",
  "lockfileVersion": 3,
  "requires": true,
  "packages": {
    "": {
      "name": "@rohmer/node-red-ankersolix",
      "version": "1.0.2",
      "license": "Apache-2.0",
      "bin": {
        "solix": "bin/solix.js"
      },
      "devDependencies": {},
      "engines": {
        "node": ">=17.0.0"
      }
    }
  }
}
